// !$*UTF8*$!
{
	archiveVersion = 1;
	classes = {
	};
	objectVersion = 50;
	objects = {

/* Begin PBXBuildFile section */
		60480B20989099B1689A9A95 /* Pods_clean_architecture_ios_clean_architecture_iosTests.framework in Frameworks */ = {isa = PBXBuildFile; fileRef = A6652CB3AC3AF81BABCBD779 /* Pods_clean_architecture_ios_clean_architecture_iosTests.framework */; };
		9CE69FED569392CD11C872D3 /* Pods_clean_architecture_iosTests.framework in Frameworks */ = {isa = PBXBuildFile; fileRef = 04B6CC5AC86A27B5656ED9E7 /* Pods_clean_architecture_iosTests.framework */; };
		A43C1BE92070A5A1008BB6C0 /* AppDelegate.swift in Sources */ = {isa = PBXBuildFile; fileRef = A43C1BE82070A5A1008BB6C0 /* AppDelegate.swift */; };
		A43C1BEB2070A5A1008BB6C0 /* ViewController.swift in Sources */ = {isa = PBXBuildFile; fileRef = A43C1BEA2070A5A1008BB6C0 /* ViewController.swift */; };
		A43C1BEE2070A5A1008BB6C0 /* Main.storyboard in Resources */ = {isa = PBXBuildFile; fileRef = A43C1BEC2070A5A1008BB6C0 /* Main.storyboard */; };
		A43C1BF02070A5A3008BB6C0 /* Assets.xcassets in Resources */ = {isa = PBXBuildFile; fileRef = A43C1BEF2070A5A3008BB6C0 /* Assets.xcassets */; };
		A43C1BF32070A5A3008BB6C0 /* LaunchScreen.storyboard in Resources */ = {isa = PBXBuildFile; fileRef = A43C1BF12070A5A3008BB6C0 /* LaunchScreen.storyboard */; };
		A43C1BFE2070A5A3008BB6C0 /* clean_architecture_iosTests.swift in Sources */ = {isa = PBXBuildFile; fileRef = A43C1BFD2070A5A3008BB6C0 /* clean_architecture_iosTests.swift */; };
		A43C1C092070A5A3008BB6C0 /* clean_architecture_iosUITests.swift in Sources */ = {isa = PBXBuildFile; fileRef = A43C1C082070A5A3008BB6C0 /* clean_architecture_iosUITests.swift */; };
		A46377AC2070F5E3001842C6 /* domain.framework in Frameworks */ = {isa = PBXBuildFile; fileRef = A46377A32070F5E3001842C6 /* domain.framework */; };
		A46377B32070F5E3001842C6 /* domainTests.swift in Sources */ = {isa = PBXBuildFile; fileRef = A46377B22070F5E3001842C6 /* domainTests.swift */; };
		A46377B52070F5E3001842C6 /* domain.h in Headers */ = {isa = PBXBuildFile; fileRef = A46377A52070F5E3001842C6 /* domain.h */; settings = {ATTRIBUTES = (Public, ); }; };
		A46377B82070F5E3001842C6 /* domain.framework in Frameworks */ = {isa = PBXBuildFile; fileRef = A46377A32070F5E3001842C6 /* domain.framework */; };
		A46377B92070F5E3001842C6 /* domain.framework in Embed Frameworks */ = {isa = PBXBuildFile; fileRef = A46377A32070F5E3001842C6 /* domain.framework */; settings = {ATTRIBUTES = (CodeSignOnCopy, RemoveHeadersOnCopy, ); }; };
		A46377CF2070F608001842C6 /* data.framework in Frameworks */ = {isa = PBXBuildFile; fileRef = A46377C62070F607001842C6 /* data.framework */; };
		A46377D62070F608001842C6 /* dataTests.swift in Sources */ = {isa = PBXBuildFile; fileRef = A46377D52070F608001842C6 /* dataTests.swift */; };
		A46377D82070F608001842C6 /* data.h in Headers */ = {isa = PBXBuildFile; fileRef = A46377C82070F607001842C6 /* data.h */; settings = {ATTRIBUTES = (Public, ); }; };
		A46377DB2070F608001842C6 /* data.framework in Frameworks */ = {isa = PBXBuildFile; fileRef = A46377C62070F607001842C6 /* data.framework */; };
		A46377DC2070F608001842C6 /* data.framework in Embed Frameworks */ = {isa = PBXBuildFile; fileRef = A46377C62070F607001842C6 /* data.framework */; settings = {ATTRIBUTES = (CodeSignOnCopy, RemoveHeadersOnCopy, ); }; };
		CD1E1B232D7CF1997E02FF96 /* Pods_clean_architecture_ios.framework in Frameworks */ = {isa = PBXBuildFile; fileRef = 05C2EF0E35463356CBED6423 /* Pods_clean_architecture_ios.framework */; };
/* End PBXBuildFile section */

/* Begin PBXContainerItemProxy section */
		A43C1BFA2070A5A3008BB6C0 /* PBXContainerItemProxy */ = {
			isa = PBXContainerItemProxy;
			containerPortal = A43C1BDD2070A5A1008BB6C0 /* Project object */;
			proxyType = 1;
			remoteGlobalIDString = A43C1BE42070A5A1008BB6C0;
			remoteInfo = "clean-architecture-ios";
		};
		A43C1C052070A5A3008BB6C0 /* PBXContainerItemProxy */ = {
			isa = PBXContainerItemProxy;
			containerPortal = A43C1BDD2070A5A1008BB6C0 /* Project object */;
			proxyType = 1;
			remoteGlobalIDString = A43C1BE42070A5A1008BB6C0;
			remoteInfo = "clean-architecture-ios";
		};
		A46377AD2070F5E3001842C6 /* PBXContainerItemProxy */ = {
			isa = PBXContainerItemProxy;
			containerPortal = A43C1BDD2070A5A1008BB6C0 /* Project object */;
			proxyType = 1;
			remoteGlobalIDString = A46377A22070F5E3001842C6;
			remoteInfo = domain;
		};
		A46377AF2070F5E3001842C6 /* PBXContainerItemProxy */ = {
			isa = PBXContainerItemProxy;
			containerPortal = A43C1BDD2070A5A1008BB6C0 /* Project object */;
			proxyType = 1;
			remoteGlobalIDString = A43C1BE42070A5A1008BB6C0;
			remoteInfo = "clean-architecture-ios";
		};
		A46377B62070F5E3001842C6 /* PBXContainerItemProxy */ = {
			isa = PBXContainerItemProxy;
			containerPortal = A43C1BDD2070A5A1008BB6C0 /* Project object */;
			proxyType = 1;
			remoteGlobalIDString = A46377A22070F5E3001842C6;
			remoteInfo = domain;
		};
		A46377D02070F608001842C6 /* PBXContainerItemProxy */ = {
			isa = PBXContainerItemProxy;
			containerPortal = A43C1BDD2070A5A1008BB6C0 /* Project object */;
			proxyType = 1;
			remoteGlobalIDString = A46377C52070F607001842C6;
			remoteInfo = data;
		};
		A46377D22070F608001842C6 /* PBXContainerItemProxy */ = {
			isa = PBXContainerItemProxy;
			containerPortal = A43C1BDD2070A5A1008BB6C0 /* Project object */;
			proxyType = 1;
			remoteGlobalIDString = A43C1BE42070A5A1008BB6C0;
			remoteInfo = "clean-architecture-ios";
		};
		A46377D92070F608001842C6 /* PBXContainerItemProxy */ = {
			isa = PBXContainerItemProxy;
			containerPortal = A43C1BDD2070A5A1008BB6C0 /* Project object */;
			proxyType = 1;
			remoteGlobalIDString = A46377C52070F607001842C6;
			remoteInfo = data;
		};
/* End PBXContainerItemProxy section */

/* Begin PBXCopyFilesBuildPhase section */
		A46377BF2070F5E3001842C6 /* Embed Frameworks */ = {
			isa = PBXCopyFilesBuildPhase;
			buildActionMask = 2147483647;
			dstPath = "";
			dstSubfolderSpec = 10;
			files = (
				A46377DC2070F608001842C6 /* data.framework in Embed Frameworks */,
				A46377B92070F5E3001842C6 /* domain.framework in Embed Frameworks */,
			);
			name = "Embed Frameworks";
			runOnlyForDeploymentPostprocessing = 0;
		};
/* End PBXCopyFilesBuildPhase section */

/* Begin PBXFileReference section */
		04B6CC5AC86A27B5656ED9E7 /* Pods_clean_architecture_iosTests.framework */ = {isa = PBXFileReference; explicitFileType = wrapper.framework; includeInIndex = 0; path = Pods_clean_architecture_iosTests.framework; sourceTree = BUILT_PRODUCTS_DIR; };
		05C2EF0E35463356CBED6423 /* Pods_clean_architecture_ios.framework */ = {isa = PBXFileReference; explicitFileType = wrapper.framework; includeInIndex = 0; path = Pods_clean_architecture_ios.framework; sourceTree = BUILT_PRODUCTS_DIR; };
		235F26DFFC65594AA77EB493 /* Pods-clean-architecture-iosTests.debug.xcconfig */ = {isa = PBXFileReference; includeInIndex = 1; lastKnownFileType = text.xcconfig; name = "Pods-clean-architecture-iosTests.debug.xcconfig"; path = "Pods/Target Support Files/Pods-clean-architecture-iosTests/Pods-clean-architecture-iosTests.debug.xcconfig"; sourceTree = "<group>"; };
		26B9A2CBA727A096641F8F1D /* Pods-clean-architecture-ios-clean-architecture-iosTests.release.xcconfig */ = {isa = PBXFileReference; includeInIndex = 1; lastKnownFileType = text.xcconfig; name = "Pods-clean-architecture-ios-clean-architecture-iosTests.release.xcconfig"; path = "Pods/Target Support Files/Pods-clean-architecture-ios-clean-architecture-iosTests/Pods-clean-architecture-ios-clean-architecture-iosTests.release.xcconfig"; sourceTree = "<group>"; };
		8565693F10FBD46BEBDDBB3A /* Pods-clean-architecture-ios-clean-architecture-iosTests.debug.xcconfig */ = {isa = PBXFileReference; includeInIndex = 1; lastKnownFileType = text.xcconfig; name = "Pods-clean-architecture-ios-clean-architecture-iosTests.debug.xcconfig"; path = "Pods/Target Support Files/Pods-clean-architecture-ios-clean-architecture-iosTests/Pods-clean-architecture-ios-clean-architecture-iosTests.debug.xcconfig"; sourceTree = "<group>"; };
		A43C1BE52070A5A1008BB6C0 /* clean-architecture-ios.app */ = {isa = PBXFileReference; explicitFileType = wrapper.application; includeInIndex = 0; path = "clean-architecture-ios.app"; sourceTree = BUILT_PRODUCTS_DIR; };
		A43C1BE82070A5A1008BB6C0 /* AppDelegate.swift */ = {isa = PBXFileReference; lastKnownFileType = sourcecode.swift; path = AppDelegate.swift; sourceTree = "<group>"; };
		A43C1BEA2070A5A1008BB6C0 /* ViewController.swift */ = {isa = PBXFileReference; lastKnownFileType = sourcecode.swift; path = ViewController.swift; sourceTree = "<group>"; };
		A43C1BED2070A5A1008BB6C0 /* Base */ = {isa = PBXFileReference; lastKnownFileType = file.storyboard; name = Base; path = Base.lproj/Main.storyboard; sourceTree = "<group>"; };
		A43C1BEF2070A5A3008BB6C0 /* Assets.xcassets */ = {isa = PBXFileReference; lastKnownFileType = folder.assetcatalog; path = Assets.xcassets; sourceTree = "<group>"; };
		A43C1BF22070A5A3008BB6C0 /* Base */ = {isa = PBXFileReference; lastKnownFileType = file.storyboard; name = Base; path = Base.lproj/LaunchScreen.storyboard; sourceTree = "<group>"; };
		A43C1BF42070A5A3008BB6C0 /* Info.plist */ = {isa = PBXFileReference; lastKnownFileType = text.plist.xml; path = Info.plist; sourceTree = "<group>"; };
		A43C1BF92070A5A3008BB6C0 /* clean-architecture-iosTests.xctest */ = {isa = PBXFileReference; explicitFileType = wrapper.cfbundle; includeInIndex = 0; path = "clean-architecture-iosTests.xctest"; sourceTree = BUILT_PRODUCTS_DIR; };
		A43C1BFD2070A5A3008BB6C0 /* clean_architecture_iosTests.swift */ = {isa = PBXFileReference; lastKnownFileType = sourcecode.swift; path = clean_architecture_iosTests.swift; sourceTree = "<group>"; };
		A43C1BFF2070A5A3008BB6C0 /* Info.plist */ = {isa = PBXFileReference; lastKnownFileType = text.plist.xml; path = Info.plist; sourceTree = "<group>"; };
		A43C1C042070A5A3008BB6C0 /* clean-architecture-iosUITests.xctest */ = {isa = PBXFileReference; explicitFileType = wrapper.cfbundle; includeInIndex = 0; path = "clean-architecture-iosUITests.xctest"; sourceTree = BUILT_PRODUCTS_DIR; };
		A43C1C082070A5A3008BB6C0 /* clean_architecture_iosUITests.swift */ = {isa = PBXFileReference; lastKnownFileType = sourcecode.swift; path = clean_architecture_iosUITests.swift; sourceTree = "<group>"; };
		A43C1C0A2070A5A3008BB6C0 /* Info.plist */ = {isa = PBXFileReference; lastKnownFileType = text.plist.xml; path = Info.plist; sourceTree = "<group>"; };
		A46377A32070F5E3001842C6 /* domain.framework */ = {isa = PBXFileReference; explicitFileType = wrapper.framework; includeInIndex = 0; path = domain.framework; sourceTree = BUILT_PRODUCTS_DIR; };
		A46377A52070F5E3001842C6 /* domain.h */ = {isa = PBXFileReference; lastKnownFileType = sourcecode.c.h; path = domain.h; sourceTree = "<group>"; };
		A46377A62070F5E3001842C6 /* Info.plist */ = {isa = PBXFileReference; lastKnownFileType = text.plist.xml; path = Info.plist; sourceTree = "<group>"; };
		A46377AB2070F5E3001842C6 /* domainTests.xctest */ = {isa = PBXFileReference; explicitFileType = wrapper.cfbundle; includeInIndex = 0; path = domainTests.xctest; sourceTree = BUILT_PRODUCTS_DIR; };
		A46377B22070F5E3001842C6 /* domainTests.swift */ = {isa = PBXFileReference; lastKnownFileType = sourcecode.swift; path = domainTests.swift; sourceTree = "<group>"; };
		A46377B42070F5E3001842C6 /* Info.plist */ = {isa = PBXFileReference; lastKnownFileType = text.plist.xml; path = Info.plist; sourceTree = "<group>"; };
		A46377C62070F607001842C6 /* data.framework */ = {isa = PBXFileReference; explicitFileType = wrapper.framework; includeInIndex = 0; path = data.framework; sourceTree = BUILT_PRODUCTS_DIR; };
		A46377C82070F607001842C6 /* data.h */ = {isa = PBXFileReference; lastKnownFileType = sourcecode.c.h; path = data.h; sourceTree = "<group>"; };
		A46377C92070F607001842C6 /* Info.plist */ = {isa = PBXFileReference; lastKnownFileType = text.plist.xml; path = Info.plist; sourceTree = "<group>"; };
		A46377CE2070F607001842C6 /* dataTests.xctest */ = {isa = PBXFileReference; explicitFileType = wrapper.cfbundle; includeInIndex = 0; path = dataTests.xctest; sourceTree = BUILT_PRODUCTS_DIR; };
		A46377D52070F608001842C6 /* dataTests.swift */ = {isa = PBXFileReference; lastKnownFileType = sourcecode.swift; path = dataTests.swift; sourceTree = "<group>"; };
		A46377D72070F608001842C6 /* Info.plist */ = {isa = PBXFileReference; lastKnownFileType = text.plist.xml; path = Info.plist; sourceTree = "<group>"; };
		A6652CB3AC3AF81BABCBD779 /* Pods_clean_architecture_ios_clean_architecture_iosTests.framework */ = {isa = PBXFileReference; explicitFileType = wrapper.framework; includeInIndex = 0; path = Pods_clean_architecture_ios_clean_architecture_iosTests.framework; sourceTree = BUILT_PRODUCTS_DIR; };
		A8D8108A8A7908EDA004ABAA /* Pods-clean-architecture-ios.debug.xcconfig */ = {isa = PBXFileReference; includeInIndex = 1; lastKnownFileType = text.xcconfig; name = "Pods-clean-architecture-ios.debug.xcconfig"; path = "Pods/Target Support Files/Pods-clean-architecture-ios/Pods-clean-architecture-ios.debug.xcconfig"; sourceTree = "<group>"; };
		CED9E88751D44C6DA46201F0 /* Pods-clean-architecture-iosTests.release.xcconfig */ = {isa = PBXFileReference; includeInIndex = 1; lastKnownFileType = text.xcconfig; name = "Pods-clean-architecture-iosTests.release.xcconfig"; path = "Pods/Target Support Files/Pods-clean-architecture-iosTests/Pods-clean-architecture-iosTests.release.xcconfig"; sourceTree = "<group>"; };
		F6D4E592C3BDC96FAD0248B9 /* Pods-clean-architecture-ios.release.xcconfig */ = {isa = PBXFileReference; includeInIndex = 1; lastKnownFileType = text.xcconfig; name = "Pods-clean-architecture-ios.release.xcconfig"; path = "Pods/Target Support Files/Pods-clean-architecture-ios/Pods-clean-architecture-ios.release.xcconfig"; sourceTree = "<group>"; };
/* End PBXFileReference section */

/* Begin PBXFrameworksBuildPhase section */
		A43C1BE22070A5A1008BB6C0 /* Frameworks */ = {
			isa = PBXFrameworksBuildPhase;
			buildActionMask = 2147483647;
			files = (
				A46377B82070F5E3001842C6 /* domain.framework in Frameworks */,
				A46377DB2070F608001842C6 /* data.framework in Frameworks */,
				CD1E1B232D7CF1997E02FF96 /* Pods_clean_architecture_ios.framework in Frameworks */,
			);
			runOnlyForDeploymentPostprocessing = 0;
		};
		A43C1BF62070A5A3008BB6C0 /* Frameworks */ = {
			isa = PBXFrameworksBuildPhase;
			buildActionMask = 2147483647;
			files = (
				60480B20989099B1689A9A95 /* Pods_clean_architecture_ios_clean_architecture_iosTests.framework in Frameworks */,
				9CE69FED569392CD11C872D3 /* Pods_clean_architecture_iosTests.framework in Frameworks */,
			);
			runOnlyForDeploymentPostprocessing = 0;
		};
		A43C1C012070A5A3008BB6C0 /* Frameworks */ = {
			isa = PBXFrameworksBuildPhase;
			buildActionMask = 2147483647;
			files = (
			);
			runOnlyForDeploymentPostprocessing = 0;
		};
		A463779F2070F5E3001842C6 /* Frameworks */ = {
			isa = PBXFrameworksBuildPhase;
			buildActionMask = 2147483647;
			files = (
			);
			runOnlyForDeploymentPostprocessing = 0;
		};
		A46377A82070F5E3001842C6 /* Frameworks */ = {
			isa = PBXFrameworksBuildPhase;
			buildActionMask = 2147483647;
			files = (
				A46377AC2070F5E3001842C6 /* domain.framework in Frameworks */,
			);
			runOnlyForDeploymentPostprocessing = 0;
		};
		A46377C22070F607001842C6 /* Frameworks */ = {
			isa = PBXFrameworksBuildPhase;
			buildActionMask = 2147483647;
			files = (
			);
			runOnlyForDeploymentPostprocessing = 0;
		};
		A46377CB2070F607001842C6 /* Frameworks */ = {
			isa = PBXFrameworksBuildPhase;
			buildActionMask = 2147483647;
			files = (
				A46377CF2070F608001842C6 /* data.framework in Frameworks */,
			);
			runOnlyForDeploymentPostprocessing = 0;
		};
/* End PBXFrameworksBuildPhase section */

/* Begin PBXGroup section */
		4E8FCEAA8251FF5D05335CBB /* Pods */ = {
			isa = PBXGroup;
			children = (
				A8D8108A8A7908EDA004ABAA /* Pods-clean-architecture-ios.debug.xcconfig */,
				F6D4E592C3BDC96FAD0248B9 /* Pods-clean-architecture-ios.release.xcconfig */,
				8565693F10FBD46BEBDDBB3A /* Pods-clean-architecture-ios-clean-architecture-iosTests.debug.xcconfig */,
				26B9A2CBA727A096641F8F1D /* Pods-clean-architecture-ios-clean-architecture-iosTests.release.xcconfig */,
				235F26DFFC65594AA77EB493 /* Pods-clean-architecture-iosTests.debug.xcconfig */,
				CED9E88751D44C6DA46201F0 /* Pods-clean-architecture-iosTests.release.xcconfig */,
			);
			name = Pods;
			sourceTree = "<group>";
		};
		81EA38F3AE0458E661E3C8C0 /* Frameworks */ = {
			isa = PBXGroup;
			children = (
				05C2EF0E35463356CBED6423 /* Pods_clean_architecture_ios.framework */,
				A6652CB3AC3AF81BABCBD779 /* Pods_clean_architecture_ios_clean_architecture_iosTests.framework */,
				04B6CC5AC86A27B5656ED9E7 /* Pods_clean_architecture_iosTests.framework */,
			);
			name = Frameworks;
			sourceTree = "<group>";
		};
		A43C1BDC2070A5A1008BB6C0 = {
			isa = PBXGroup;
			children = (
				A43C1BE72070A5A1008BB6C0 /* clean-architecture-ios */,
				A43C1BFC2070A5A3008BB6C0 /* clean-architecture-iosTests */,
				A43C1C072070A5A3008BB6C0 /* clean-architecture-iosUITests */,
				A46377A42070F5E3001842C6 /* domain */,
				A46377B12070F5E3001842C6 /* domainTests */,
				A46377C72070F607001842C6 /* data */,
				A46377D42070F608001842C6 /* dataTests */,
				A43C1BE62070A5A1008BB6C0 /* Products */,
				4E8FCEAA8251FF5D05335CBB /* Pods */,
				81EA38F3AE0458E661E3C8C0 /* Frameworks */,
			);
			sourceTree = "<group>";
		};
		A43C1BE62070A5A1008BB6C0 /* Products */ = {
			isa = PBXGroup;
			children = (
				A43C1BE52070A5A1008BB6C0 /* clean-architecture-ios.app */,
				A43C1BF92070A5A3008BB6C0 /* clean-architecture-iosTests.xctest */,
				A43C1C042070A5A3008BB6C0 /* clean-architecture-iosUITests.xctest */,
				A46377A32070F5E3001842C6 /* domain.framework */,
				A46377AB2070F5E3001842C6 /* domainTests.xctest */,
				A46377C62070F607001842C6 /* data.framework */,
				A46377CE2070F607001842C6 /* dataTests.xctest */,
			);
			name = Products;
			sourceTree = "<group>";
		};
		A43C1BE72070A5A1008BB6C0 /* clean-architecture-ios */ = {
			isa = PBXGroup;
			children = (
				A43C1BE82070A5A1008BB6C0 /* AppDelegate.swift */,
				A43C1BEA2070A5A1008BB6C0 /* ViewController.swift */,
				A43C1BEC2070A5A1008BB6C0 /* Main.storyboard */,
				A43C1BEF2070A5A3008BB6C0 /* Assets.xcassets */,
				A43C1BF12070A5A3008BB6C0 /* LaunchScreen.storyboard */,
				A43C1BF42070A5A3008BB6C0 /* Info.plist */,
			);
			path = "clean-architecture-ios";
			sourceTree = "<group>";
		};
		A43C1BFC2070A5A3008BB6C0 /* clean-architecture-iosTests */ = {
			isa = PBXGroup;
			children = (
				A43C1BFD2070A5A3008BB6C0 /* clean_architecture_iosTests.swift */,
				A43C1BFF2070A5A3008BB6C0 /* Info.plist */,
			);
			path = "clean-architecture-iosTests";
			sourceTree = "<group>";
		};
		A43C1C072070A5A3008BB6C0 /* clean-architecture-iosUITests */ = {
			isa = PBXGroup;
			children = (
				A43C1C082070A5A3008BB6C0 /* clean_architecture_iosUITests.swift */,
				A43C1C0A2070A5A3008BB6C0 /* Info.plist */,
			);
			path = "clean-architecture-iosUITests";
			sourceTree = "<group>";
		};
		A46377A42070F5E3001842C6 /* domain */ = {
			isa = PBXGroup;
			children = (
				A46377A52070F5E3001842C6 /* domain.h */,
				A46377A62070F5E3001842C6 /* Info.plist */,
			);
			path = domain;
			sourceTree = "<group>";
		};
		A46377B12070F5E3001842C6 /* domainTests */ = {
			isa = PBXGroup;
			children = (
				A46377B22070F5E3001842C6 /* domainTests.swift */,
				A46377B42070F5E3001842C6 /* Info.plist */,
			);
			path = domainTests;
			sourceTree = "<group>";
		};
		A46377C72070F607001842C6 /* data */ = {
			isa = PBXGroup;
			children = (
				A46377C82070F607001842C6 /* data.h */,
				A46377C92070F607001842C6 /* Info.plist */,
			);
			path = data;
			sourceTree = "<group>";
		};
		A46377D42070F608001842C6 /* dataTests */ = {
			isa = PBXGroup;
			children = (
				A46377D52070F608001842C6 /* dataTests.swift */,
				A46377D72070F608001842C6 /* Info.plist */,
			);
			path = dataTests;
			sourceTree = "<group>";
		};
/* End PBXGroup section */

/* Begin PBXHeadersBuildPhase section */
		A46377A02070F5E3001842C6 /* Headers */ = {
			isa = PBXHeadersBuildPhase;
			buildActionMask = 2147483647;
			files = (
				A46377B52070F5E3001842C6 /* domain.h in Headers */,
			);
			runOnlyForDeploymentPostprocessing = 0;
		};
		A46377C32070F607001842C6 /* Headers */ = {
			isa = PBXHeadersBuildPhase;
			buildActionMask = 2147483647;
			files = (
				A46377D82070F608001842C6 /* data.h in Headers */,
			);
			runOnlyForDeploymentPostprocessing = 0;
		};
/* End PBXHeadersBuildPhase section */

/* Begin PBXNativeTarget section */
		A43C1BE42070A5A1008BB6C0 /* clean-architecture-ios */ = {
			isa = PBXNativeTarget;
			buildConfigurationList = A43C1C0D2070A5A3008BB6C0 /* Build configuration list for PBXNativeTarget "clean-architecture-ios" */;
			buildPhases = (
				2F0EDCE72E422429375CF5C9 /* [CP] Check Pods Manifest.lock */,
				A43C1BE12070A5A1008BB6C0 /* Sources */,
				A43C1BE22070A5A1008BB6C0 /* Frameworks */,
				A43C1BE32070A5A1008BB6C0 /* Resources */,
				5BE347AF93C1D667CAF3FF3A /* [CP] Embed Pods Frameworks */,
				FA1F454EBC2CE6E1581A4136 /* [CP] Copy Pods Resources */,
				A46377BF2070F5E3001842C6 /* Embed Frameworks */,
			);
			buildRules = (
			);
			dependencies = (
				A46377B72070F5E3001842C6 /* PBXTargetDependency */,
				A46377DA2070F608001842C6 /* PBXTargetDependency */,
			);
			name = "clean-architecture-ios";
			productName = "clean-architecture-ios";
			productReference = A43C1BE52070A5A1008BB6C0 /* clean-architecture-ios.app */;
			productType = "com.apple.product-type.application";
		};
		A43C1BF82070A5A3008BB6C0 /* clean-architecture-iosTests */ = {
			isa = PBXNativeTarget;
			buildConfigurationList = A43C1C102070A5A3008BB6C0 /* Build configuration list for PBXNativeTarget "clean-architecture-iosTests" */;
			buildPhases = (
				EBD49B1066642FEC64713000 /* [CP] Check Pods Manifest.lock */,
				A43C1BF52070A5A3008BB6C0 /* Sources */,
				A43C1BF62070A5A3008BB6C0 /* Frameworks */,
				A43C1BF72070A5A3008BB6C0 /* Resources */,
				DABA29B21F4AF3283E420302 /* [CP] Embed Pods Frameworks */,
				264F9FB8E1CEBC232F8EDF23 /* [CP] Copy Pods Resources */,
			);
			buildRules = (
			);
			dependencies = (
				A43C1BFB2070A5A3008BB6C0 /* PBXTargetDependency */,
			);
			name = "clean-architecture-iosTests";
			productName = "clean-architecture-iosTests";
			productReference = A43C1BF92070A5A3008BB6C0 /* clean-architecture-iosTests.xctest */;
			productType = "com.apple.product-type.bundle.unit-test";
		};
		A43C1C032070A5A3008BB6C0 /* clean-architecture-iosUITests */ = {
			isa = PBXNativeTarget;
			buildConfigurationList = A43C1C132070A5A3008BB6C0 /* Build configuration list for PBXNativeTarget "clean-architecture-iosUITests" */;
			buildPhases = (
				A43C1C002070A5A3008BB6C0 /* Sources */,
				A43C1C012070A5A3008BB6C0 /* Frameworks */,
				A43C1C022070A5A3008BB6C0 /* Resources */,
			);
			buildRules = (
			);
			dependencies = (
				A43C1C062070A5A3008BB6C0 /* PBXTargetDependency */,
			);
			name = "clean-architecture-iosUITests";
			productName = "clean-architecture-iosUITests";
			productReference = A43C1C042070A5A3008BB6C0 /* clean-architecture-iosUITests.xctest */;
			productType = "com.apple.product-type.bundle.ui-testing";
		};
		A46377A22070F5E3001842C6 /* domain */ = {
			isa = PBXNativeTarget;
			buildConfigurationList = A46377BE2070F5E3001842C6 /* Build configuration list for PBXNativeTarget "domain" */;
			buildPhases = (
				A463779E2070F5E3001842C6 /* Sources */,
				A463779F2070F5E3001842C6 /* Frameworks */,
				A46377A02070F5E3001842C6 /* Headers */,
				A46377A12070F5E3001842C6 /* Resources */,
			);
			buildRules = (
			);
			dependencies = (
			);
			name = domain;
			productName = domain;
			productReference = A46377A32070F5E3001842C6 /* domain.framework */;
			productType = "com.apple.product-type.framework";
		};
		A46377AA2070F5E3001842C6 /* domainTests */ = {
			isa = PBXNativeTarget;
			buildConfigurationList = A46377C02070F5E3001842C6 /* Build configuration list for PBXNativeTarget "domainTests" */;
			buildPhases = (
				A46377A72070F5E3001842C6 /* Sources */,
				A46377A82070F5E3001842C6 /* Frameworks */,
				A46377A92070F5E3001842C6 /* Resources */,
			);
			buildRules = (
			);
			dependencies = (
				A46377AE2070F5E3001842C6 /* PBXTargetDependency */,
				A46377B02070F5E3001842C6 /* PBXTargetDependency */,
			);
			name = domainTests;
			productName = domainTests;
			productReference = A46377AB2070F5E3001842C6 /* domainTests.xctest */;
			productType = "com.apple.product-type.bundle.unit-test";
		};
		A46377C52070F607001842C6 /* data */ = {
			isa = PBXNativeTarget;
			buildConfigurationList = A46377DD2070F608001842C6 /* Build configuration list for PBXNativeTarget "data" */;
			buildPhases = (
				A46377C12070F607001842C6 /* Sources */,
				A46377C22070F607001842C6 /* Frameworks */,
				A46377C32070F607001842C6 /* Headers */,
				A46377C42070F607001842C6 /* Resources */,
			);
			buildRules = (
			);
			dependencies = (
			);
			name = data;
			productName = data;
			productReference = A46377C62070F607001842C6 /* data.framework */;
			productType = "com.apple.product-type.framework";
		};
		A46377CD2070F607001842C6 /* dataTests */ = {
			isa = PBXNativeTarget;
			buildConfigurationList = A46377E02070F608001842C6 /* Build configuration list for PBXNativeTarget "dataTests" */;
			buildPhases = (
				A46377CA2070F607001842C6 /* Sources */,
				A46377CB2070F607001842C6 /* Frameworks */,
				A46377CC2070F607001842C6 /* Resources */,
			);
			buildRules = (
			);
			dependencies = (
				A46377D12070F608001842C6 /* PBXTargetDependency */,
				A46377D32070F608001842C6 /* PBXTargetDependency */,
			);
			name = dataTests;
			productName = dataTests;
			productReference = A46377CE2070F607001842C6 /* dataTests.xctest */;
			productType = "com.apple.product-type.bundle.unit-test";
		};
/* End PBXNativeTarget section */

/* Begin PBXProject section */
		A43C1BDD2070A5A1008BB6C0 /* Project object */ = {
			isa = PBXProject;
			attributes = {
				LastSwiftUpdateCheck = 0930;
				LastUpgradeCheck = 0930;
				ORGANIZATIONNAME = "Patrick Yin";
				TargetAttributes = {
					A43C1BE42070A5A1008BB6C0 = {
						CreatedOnToolsVersion = 9.3;
					};
					A43C1BF82070A5A3008BB6C0 = {
						CreatedOnToolsVersion = 9.3;
						TestTargetID = A43C1BE42070A5A1008BB6C0;
					};
					A43C1C032070A5A3008BB6C0 = {
						CreatedOnToolsVersion = 9.3;
						TestTargetID = A43C1BE42070A5A1008BB6C0;
					};
					A46377A22070F5E3001842C6 = {
						CreatedOnToolsVersion = 9.3;
					};
					A46377AA2070F5E3001842C6 = {
						CreatedOnToolsVersion = 9.3;
						TestTargetID = A43C1BE42070A5A1008BB6C0;
					};
					A46377C52070F607001842C6 = {
						CreatedOnToolsVersion = 9.3;
					};
					A46377CD2070F607001842C6 = {
						CreatedOnToolsVersion = 9.3;
						TestTargetID = A43C1BE42070A5A1008BB6C0;
					};
				};
			};
			buildConfigurationList = A43C1BE02070A5A1008BB6C0 /* Build configuration list for PBXProject "clean-architecture-ios" */;
			compatibilityVersion = "Xcode 9.3";
			developmentRegion = en;
			hasScannedForEncodings = 0;
			knownRegions = (
				en,
				Base,
			);
			mainGroup = A43C1BDC2070A5A1008BB6C0;
			productRefGroup = A43C1BE62070A5A1008BB6C0 /* Products */;
			projectDirPath = "";
			projectRoot = "";
			targets = (
				A43C1BE42070A5A1008BB6C0 /* clean-architecture-ios */,
				A43C1BF82070A5A3008BB6C0 /* clean-architecture-iosTests */,
				A43C1C032070A5A3008BB6C0 /* clean-architecture-iosUITests */,
				A46377A22070F5E3001842C6 /* domain */,
				A46377AA2070F5E3001842C6 /* domainTests */,
				A46377C52070F607001842C6 /* data */,
				A46377CD2070F607001842C6 /* dataTests */,
			);
		};
/* End PBXProject section */

/* Begin PBXResourcesBuildPhase section */
		A43C1BE32070A5A1008BB6C0 /* Resources */ = {
			isa = PBXResourcesBuildPhase;
			buildActionMask = 2147483647;
			files = (
				A43C1BF32070A5A3008BB6C0 /* LaunchScreen.storyboard in Resources */,
				A43C1BF02070A5A3008BB6C0 /* Assets.xcassets in Resources */,
				A43C1BEE2070A5A1008BB6C0 /* Main.storyboard in Resources */,
			);
			runOnlyForDeploymentPostprocessing = 0;
		};
		A43C1BF72070A5A3008BB6C0 /* Resources */ = {
			isa = PBXResourcesBuildPhase;
			buildActionMask = 2147483647;
			files = (
			);
			runOnlyForDeploymentPostprocessing = 0;
		};
		A43C1C022070A5A3008BB6C0 /* Resources */ = {
			isa = PBXResourcesBuildPhase;
			buildActionMask = 2147483647;
			files = (
			);
			runOnlyForDeploymentPostprocessing = 0;
		};
		A46377A12070F5E3001842C6 /* Resources */ = {
			isa = PBXResourcesBuildPhase;
			buildActionMask = 2147483647;
			files = (
			);
			runOnlyForDeploymentPostprocessing = 0;
		};
		A46377A92070F5E3001842C6 /* Resources */ = {
			isa = PBXResourcesBuildPhase;
			buildActionMask = 2147483647;
			files = (
			);
			runOnlyForDeploymentPostprocessing = 0;
		};
		A46377C42070F607001842C6 /* Resources */ = {
			isa = PBXResourcesBuildPhase;
			buildActionMask = 2147483647;
			files = (
			);
			runOnlyForDeploymentPostprocessing = 0;
		};
		A46377CC2070F607001842C6 /* Resources */ = {
			isa = PBXResourcesBuildPhase;
			buildActionMask = 2147483647;
			files = (
			);
			runOnlyForDeploymentPostprocessing = 0;
		};
/* End PBXResourcesBuildPhase section */

/* Begin PBXShellScriptBuildPhase section */
		264F9FB8E1CEBC232F8EDF23 /* [CP] Copy Pods Resources */ = {
			isa = PBXShellScriptBuildPhase;
			buildActionMask = 2147483647;
			files = (
			);
			inputPaths = (
			);
			name = "[CP] Copy Pods Resources";
			outputPaths = (
			);
			runOnlyForDeploymentPostprocessing = 0;
			shellPath = /bin/sh;
			shellScript = "\"${SRCROOT}/Pods/Target Support Files/Pods-clean-architecture-iosTests/Pods-clean-architecture-iosTests-resources.sh\"\n";
			showEnvVarsInLog = 0;
		};
		2F0EDCE72E422429375CF5C9 /* [CP] Check Pods Manifest.lock */ = {
			isa = PBXShellScriptBuildPhase;
			buildActionMask = 2147483647;
			files = (
			);
			inputPaths = (
				"${PODS_PODFILE_DIR_PATH}/Podfile.lock",
				"${PODS_ROOT}/Manifest.lock",
			);
			name = "[CP] Check Pods Manifest.lock";
			outputPaths = (
				"$(DERIVED_FILE_DIR)/Pods-clean-architecture-ios-checkManifestLockResult.txt",
			);
			runOnlyForDeploymentPostprocessing = 0;
			shellPath = /bin/sh;
			shellScript = "diff \"${PODS_PODFILE_DIR_PATH}/Podfile.lock\" \"${PODS_ROOT}/Manifest.lock\" > /dev/null\nif [ $? != 0 ] ; then\n    # print error to STDERR\n    echo \"error: The sandbox is not in sync with the Podfile.lock. Run 'pod install' or update your CocoaPods installation.\" >&2\n    exit 1\nfi\n# This output is used by Xcode 'outputs' to avoid re-running this script phase.\necho \"SUCCESS\" > \"${SCRIPT_OUTPUT_FILE_0}\"\n";
			showEnvVarsInLog = 0;
		};
		5BE347AF93C1D667CAF3FF3A /* [CP] Embed Pods Frameworks */ = {
			isa = PBXShellScriptBuildPhase;
			buildActionMask = 2147483647;
			files = (
			);
			inputPaths = (
				"${SRCROOT}/Pods/Target Support Files/Pods-clean-architecture-ios/Pods-clean-architecture-ios-frameworks.sh",
				"${BUILT_PRODUCTS_DIR}/RxCocoa/RxCocoa.framework",
				"${BUILT_PRODUCTS_DIR}/RxSwift/RxSwift.framework",
			);
			name = "[CP] Embed Pods Frameworks";
			outputPaths = (
				"${TARGET_BUILD_DIR}/${FRAMEWORKS_FOLDER_PATH}/RxCocoa.framework",
				"${TARGET_BUILD_DIR}/${FRAMEWORKS_FOLDER_PATH}/RxSwift.framework",
			);
			runOnlyForDeploymentPostprocessing = 0;
			shellPath = /bin/sh;
			shellScript = "\"${SRCROOT}/Pods/Target Support Files/Pods-clean-architecture-ios/Pods-clean-architecture-ios-frameworks.sh\"\n";
			showEnvVarsInLog = 0;
		};
		DABA29B21F4AF3283E420302 /* [CP] Embed Pods Frameworks */ = {
			isa = PBXShellScriptBuildPhase;
			buildActionMask = 2147483647;
			files = (
			);
			inputPaths = (
				"${SRCROOT}/Pods/Target Support Files/Pods-clean-architecture-iosTests/Pods-clean-architecture-iosTests-frameworks.sh",
				"${BUILT_PRODUCTS_DIR}/RxSwift/RxSwift.framework",
				"${BUILT_PRODUCTS_DIR}/Nimble/Nimble.framework",
				"${BUILT_PRODUCTS_DIR}/Quick/Quick.framework",
				"${BUILT_PRODUCTS_DIR}/RxBlocking/RxBlocking.framework",
				"${BUILT_PRODUCTS_DIR}/RxTest/RxTest.framework",
			);
			name = "[CP] Embed Pods Frameworks";
			outputPaths = (
				"${TARGET_BUILD_DIR}/${FRAMEWORKS_FOLDER_PATH}/RxSwift.framework",
				"${TARGET_BUILD_DIR}/${FRAMEWORKS_FOLDER_PATH}/Nimble.framework",
				"${TARGET_BUILD_DIR}/${FRAMEWORKS_FOLDER_PATH}/Quick.framework",
				"${TARGET_BUILD_DIR}/${FRAMEWORKS_FOLDER_PATH}/RxBlocking.framework",
				"${TARGET_BUILD_DIR}/${FRAMEWORKS_FOLDER_PATH}/RxTest.framework",
			);
			runOnlyForDeploymentPostprocessing = 0;
			shellPath = /bin/sh;
			shellScript = "\"${SRCROOT}/Pods/Target Support Files/Pods-clean-architecture-iosTests/Pods-clean-architecture-iosTests-frameworks.sh\"\n";
			showEnvVarsInLog = 0;
		};
		EBD49B1066642FEC64713000 /* [CP] Check Pods Manifest.lock */ = {
			isa = PBXShellScriptBuildPhase;
			buildActionMask = 2147483647;
			files = (
			);
			inputPaths = (
				"${PODS_PODFILE_DIR_PATH}/Podfile.lock",
				"${PODS_ROOT}/Manifest.lock",
			);
			name = "[CP] Check Pods Manifest.lock";
			outputPaths = (
				"$(DERIVED_FILE_DIR)/Pods-clean-architecture-iosTests-checkManifestLockResult.txt",
			);
			runOnlyForDeploymentPostprocessing = 0;
			shellPath = /bin/sh;
			shellScript = "diff \"${PODS_PODFILE_DIR_PATH}/Podfile.lock\" \"${PODS_ROOT}/Manifest.lock\" > /dev/null\nif [ $? != 0 ] ; then\n    # print error to STDERR\n    echo \"error: The sandbox is not in sync with the Podfile.lock. Run 'pod install' or update your CocoaPods installation.\" >&2\n    exit 1\nfi\n# This output is used by Xcode 'outputs' to avoid re-running this script phase.\necho \"SUCCESS\" > \"${SCRIPT_OUTPUT_FILE_0}\"\n";
			showEnvVarsInLog = 0;
		};
		FA1F454EBC2CE6E1581A4136 /* [CP] Copy Pods Resources */ = {
			isa = PBXShellScriptBuildPhase;
			buildActionMask = 2147483647;
			files = (
			);
			inputPaths = (
			);
			name = "[CP] Copy Pods Resources";
			outputPaths = (
			);
			runOnlyForDeploymentPostprocessing = 0;
			shellPath = /bin/sh;
			shellScript = "\"${SRCROOT}/Pods/Target Support Files/Pods-clean-architecture-ios/Pods-clean-architecture-ios-resources.sh\"\n";
			showEnvVarsInLog = 0;
		};
/* End PBXShellScriptBuildPhase section */

/* Begin PBXSourcesBuildPhase section */
		A43C1BE12070A5A1008BB6C0 /* Sources */ = {
			isa = PBXSourcesBuildPhase;
			buildActionMask = 2147483647;
			files = (
				A43C1BEB2070A5A1008BB6C0 /* ViewController.swift in Sources */,
				A43C1BE92070A5A1008BB6C0 /* AppDelegate.swift in Sources */,
			);
			runOnlyForDeploymentPostprocessing = 0;
		};
		A43C1BF52070A5A3008BB6C0 /* Sources */ = {
			isa = PBXSourcesBuildPhase;
			buildActionMask = 2147483647;
			files = (
				A43C1BFE2070A5A3008BB6C0 /* clean_architecture_iosTests.swift in Sources */,
			);
			runOnlyForDeploymentPostprocessing = 0;
		};
		A43C1C002070A5A3008BB6C0 /* Sources */ = {
			isa = PBXSourcesBuildPhase;
			buildActionMask = 2147483647;
			files = (
				A43C1C092070A5A3008BB6C0 /* clean_architecture_iosUITests.swift in Sources */,
			);
			runOnlyForDeploymentPostprocessing = 0;
		};
		A463779E2070F5E3001842C6 /* Sources */ = {
			isa = PBXSourcesBuildPhase;
			buildActionMask = 2147483647;
			files = (
			);
			runOnlyForDeploymentPostprocessing = 0;
		};
		A46377A72070F5E3001842C6 /* Sources */ = {
			isa = PBXSourcesBuildPhase;
			buildActionMask = 2147483647;
			files = (
				A46377B32070F5E3001842C6 /* domainTests.swift in Sources */,
			);
			runOnlyForDeploymentPostprocessing = 0;
		};
		A46377C12070F607001842C6 /* Sources */ = {
			isa = PBXSourcesBuildPhase;
			buildActionMask = 2147483647;
			files = (
			);
			runOnlyForDeploymentPostprocessing = 0;
		};
		A46377CA2070F607001842C6 /* Sources */ = {
			isa = PBXSourcesBuildPhase;
			buildActionMask = 2147483647;
			files = (
				A46377D62070F608001842C6 /* dataTests.swift in Sources */,
			);
			runOnlyForDeploymentPostprocessing = 0;
		};
/* End PBXSourcesBuildPhase section */

/* Begin PBXTargetDependency section */
		A43C1BFB2070A5A3008BB6C0 /* PBXTargetDependency */ = {
			isa = PBXTargetDependency;
			target = A43C1BE42070A5A1008BB6C0 /* clean-architecture-ios */;
			targetProxy = A43C1BFA2070A5A3008BB6C0 /* PBXContainerItemProxy */;
		};
		A43C1C062070A5A3008BB6C0 /* PBXTargetDependency */ = {
			isa = PBXTargetDependency;
			target = A43C1BE42070A5A1008BB6C0 /* clean-architecture-ios */;
			targetProxy = A43C1C052070A5A3008BB6C0 /* PBXContainerItemProxy */;
		};
		A46377AE2070F5E3001842C6 /* PBXTargetDependency */ = {
			isa = PBXTargetDependency;
			target = A46377A22070F5E3001842C6 /* domain */;
			targetProxy = A46377AD2070F5E3001842C6 /* PBXContainerItemProxy */;
		};
		A46377B02070F5E3001842C6 /* PBXTargetDependency */ = {
			isa = PBXTargetDependency;
			target = A43C1BE42070A5A1008BB6C0 /* clean-architecture-ios */;
			targetProxy = A46377AF2070F5E3001842C6 /* PBXContainerItemProxy */;
		};
		A46377B72070F5E3001842C6 /* PBXTargetDependency */ = {
			isa = PBXTargetDependency;
			target = A46377A22070F5E3001842C6 /* domain */;
			targetProxy = A46377B62070F5E3001842C6 /* PBXContainerItemProxy */;
		};
		A46377D12070F608001842C6 /* PBXTargetDependency */ = {
			isa = PBXTargetDependency;
			target = A46377C52070F607001842C6 /* data */;
			targetProxy = A46377D02070F608001842C6 /* PBXContainerItemProxy */;
		};
		A46377D32070F608001842C6 /* PBXTargetDependency */ = {
			isa = PBXTargetDependency;
			target = A43C1BE42070A5A1008BB6C0 /* clean-architecture-ios */;
			targetProxy = A46377D22070F608001842C6 /* PBXContainerItemProxy */;
		};
		A46377DA2070F608001842C6 /* PBXTargetDependency */ = {
			isa = PBXTargetDependency;
			target = A46377C52070F607001842C6 /* data */;
			targetProxy = A46377D92070F608001842C6 /* PBXContainerItemProxy */;
		};
/* End PBXTargetDependency section */

/* Begin PBXVariantGroup section */
		A43C1BEC2070A5A1008BB6C0 /* Main.storyboard */ = {
			isa = PBXVariantGroup;
			children = (
				A43C1BED2070A5A1008BB6C0 /* Base */,
			);
			name = Main.storyboard;
			sourceTree = "<group>";
		};
		A43C1BF12070A5A3008BB6C0 /* LaunchScreen.storyboard */ = {
			isa = PBXVariantGroup;
			children = (
				A43C1BF22070A5A3008BB6C0 /* Base */,
			);
			name = LaunchScreen.storyboard;
			sourceTree = "<group>";
		};
/* End PBXVariantGroup section */

/* Begin XCBuildConfiguration section */
		A43C1C0B2070A5A3008BB6C0 /* Debug */ = {
			isa = XCBuildConfiguration;
			buildSettings = {
				ALWAYS_SEARCH_USER_PATHS = NO;
				CLANG_ANALYZER_NONNULL = YES;
				CLANG_ANALYZER_NUMBER_OBJECT_CONVERSION = YES_AGGRESSIVE;
				CLANG_CXX_LANGUAGE_STANDARD = "gnu++14";
				CLANG_CXX_LIBRARY = "libc++";
				CLANG_ENABLE_MODULES = YES;
				CLANG_ENABLE_OBJC_ARC = YES;
				CLANG_ENABLE_OBJC_WEAK = YES;
				CLANG_WARN_BLOCK_CAPTURE_AUTORELEASING = YES;
				CLANG_WARN_BOOL_CONVERSION = YES;
				CLANG_WARN_COMMA = YES;
				CLANG_WARN_CONSTANT_CONVERSION = YES;
				CLANG_WARN_DEPRECATED_OBJC_IMPLEMENTATIONS = YES;
				CLANG_WARN_DIRECT_OBJC_ISA_USAGE = YES_ERROR;
				CLANG_WARN_DOCUMENTATION_COMMENTS = YES;
				CLANG_WARN_EMPTY_BODY = YES;
				CLANG_WARN_ENUM_CONVERSION = YES;
				CLANG_WARN_INFINITE_RECURSION = YES;
				CLANG_WARN_INT_CONVERSION = YES;
				CLANG_WARN_NON_LITERAL_NULL_CONVERSION = YES;
				CLANG_WARN_OBJC_IMPLICIT_RETAIN_SELF = YES;
				CLANG_WARN_OBJC_LITERAL_CONVERSION = YES;
				CLANG_WARN_OBJC_ROOT_CLASS = YES_ERROR;
				CLANG_WARN_RANGE_LOOP_ANALYSIS = YES;
				CLANG_WARN_STRICT_PROTOTYPES = YES;
				CLANG_WARN_SUSPICIOUS_MOVE = YES;
				CLANG_WARN_UNGUARDED_AVAILABILITY = YES_AGGRESSIVE;
				CLANG_WARN_UNREACHABLE_CODE = YES;
				CLANG_WARN__DUPLICATE_METHOD_MATCH = YES;
				CODE_SIGN_IDENTITY = "iPhone Developer";
				COPY_PHASE_STRIP = NO;
				DEBUG_INFORMATION_FORMAT = dwarf;
				ENABLE_STRICT_OBJC_MSGSEND = YES;
				ENABLE_TESTABILITY = YES;
				GCC_C_LANGUAGE_STANDARD = gnu11;
				GCC_DYNAMIC_NO_PIC = NO;
				GCC_NO_COMMON_BLOCKS = YES;
				GCC_OPTIMIZATION_LEVEL = 0;
				GCC_PREPROCESSOR_DEFINITIONS = (
					"DEBUG=1",
					"$(inherited)",
				);
				GCC_WARN_64_TO_32_BIT_CONVERSION = YES;
				GCC_WARN_ABOUT_RETURN_TYPE = YES_ERROR;
				GCC_WARN_UNDECLARED_SELECTOR = YES;
				GCC_WARN_UNINITIALIZED_AUTOS = YES_AGGRESSIVE;
				GCC_WARN_UNUSED_FUNCTION = YES;
				GCC_WARN_UNUSED_VARIABLE = YES;
				IPHONEOS_DEPLOYMENT_TARGET = 11.3;
				MTL_ENABLE_DEBUG_INFO = YES;
				ONLY_ACTIVE_ARCH = YES;
				SDKROOT = iphoneos;
				SWIFT_ACTIVE_COMPILATION_CONDITIONS = DEBUG;
				SWIFT_OPTIMIZATION_LEVEL = "-Onone";
			};
			name = Debug;
		};
		A43C1C0C2070A5A3008BB6C0 /* Release */ = {
			isa = XCBuildConfiguration;
			buildSettings = {
				ALWAYS_SEARCH_USER_PATHS = NO;
				CLANG_ANALYZER_NONNULL = YES;
				CLANG_ANALYZER_NUMBER_OBJECT_CONVERSION = YES_AGGRESSIVE;
				CLANG_CXX_LANGUAGE_STANDARD = "gnu++14";
				CLANG_CXX_LIBRARY = "libc++";
				CLANG_ENABLE_MODULES = YES;
				CLANG_ENABLE_OBJC_ARC = YES;
				CLANG_ENABLE_OBJC_WEAK = YES;
				CLANG_WARN_BLOCK_CAPTURE_AUTORELEASING = YES;
				CLANG_WARN_BOOL_CONVERSION = YES;
				CLANG_WARN_COMMA = YES;
				CLANG_WARN_CONSTANT_CONVERSION = YES;
				CLANG_WARN_DEPRECATED_OBJC_IMPLEMENTATIONS = YES;
				CLANG_WARN_DIRECT_OBJC_ISA_USAGE = YES_ERROR;
				CLANG_WARN_DOCUMENTATION_COMMENTS = YES;
				CLANG_WARN_EMPTY_BODY = YES;
				CLANG_WARN_ENUM_CONVERSION = YES;
				CLANG_WARN_INFINITE_RECURSION = YES;
				CLANG_WARN_INT_CONVERSION = YES;
				CLANG_WARN_NON_LITERAL_NULL_CONVERSION = YES;
				CLANG_WARN_OBJC_IMPLICIT_RETAIN_SELF = YES;
				CLANG_WARN_OBJC_LITERAL_CONVERSION = YES;
				CLANG_WARN_OBJC_ROOT_CLASS = YES_ERROR;
				CLANG_WARN_RANGE_LOOP_ANALYSIS = YES;
				CLANG_WARN_STRICT_PROTOTYPES = YES;
				CLANG_WARN_SUSPICIOUS_MOVE = YES;
				CLANG_WARN_UNGUARDED_AVAILABILITY = YES_AGGRESSIVE;
				CLANG_WARN_UNREACHABLE_CODE = YES;
				CLANG_WARN__DUPLICATE_METHOD_MATCH = YES;
				CODE_SIGN_IDENTITY = "iPhone Developer";
				COPY_PHASE_STRIP = NO;
				DEBUG_INFORMATION_FORMAT = "dwarf-with-dsym";
				ENABLE_NS_ASSERTIONS = NO;
				ENABLE_STRICT_OBJC_MSGSEND = YES;
				GCC_C_LANGUAGE_STANDARD = gnu11;
				GCC_NO_COMMON_BLOCKS = YES;
				GCC_WARN_64_TO_32_BIT_CONVERSION = YES;
				GCC_WARN_ABOUT_RETURN_TYPE = YES_ERROR;
				GCC_WARN_UNDECLARED_SELECTOR = YES;
				GCC_WARN_UNINITIALIZED_AUTOS = YES_AGGRESSIVE;
				GCC_WARN_UNUSED_FUNCTION = YES;
				GCC_WARN_UNUSED_VARIABLE = YES;
				IPHONEOS_DEPLOYMENT_TARGET = 11.3;
				MTL_ENABLE_DEBUG_INFO = NO;
				SDKROOT = iphoneos;
				SWIFT_COMPILATION_MODE = wholemodule;
				SWIFT_OPTIMIZATION_LEVEL = "-O";
				VALIDATE_PRODUCT = YES;
			};
			name = Release;
		};
		A43C1C0E2070A5A3008BB6C0 /* Debug */ = {
			isa = XCBuildConfiguration;
			baseConfigurationReference = A8D8108A8A7908EDA004ABAA /* Pods-clean-architecture-ios.debug.xcconfig */;
			buildSettings = {
				ASSETCATALOG_COMPILER_APPICON_NAME = AppIcon;
				CODE_SIGN_STYLE = Automatic;
				INFOPLIST_FILE = "clean-architecture-ios/Info.plist";
				LD_RUNPATH_SEARCH_PATHS = (
					"$(inherited)",
					"@executable_path/Frameworks",
				);
				PRODUCT_BUNDLE_IDENTIFIER = "io.github.patrickyin.clean-architecture-ios";
				PRODUCT_NAME = "$(TARGET_NAME)";
				SWIFT_VERSION = 4.0;
				TARGETED_DEVICE_FAMILY = "1,2";
			};
			name = Debug;
		};
		A43C1C0F2070A5A3008BB6C0 /* Release */ = {
			isa = XCBuildConfiguration;
			baseConfigurationReference = F6D4E592C3BDC96FAD0248B9 /* Pods-clean-architecture-ios.release.xcconfig */;
			buildSettings = {
				ASSETCATALOG_COMPILER_APPICON_NAME = AppIcon;
				CODE_SIGN_STYLE = Automatic;
				INFOPLIST_FILE = "clean-architecture-ios/Info.plist";
				LD_RUNPATH_SEARCH_PATHS = (
					"$(inherited)",
					"@executable_path/Frameworks",
				);
				PRODUCT_BUNDLE_IDENTIFIER = "io.github.patrickyin.clean-architecture-ios";
				PRODUCT_NAME = "$(TARGET_NAME)";
				SWIFT_VERSION = 4.0;
				TARGETED_DEVICE_FAMILY = "1,2";
			};
			name = Release;
		};
		A43C1C112070A5A3008BB6C0 /* Debug */ = {
			isa = XCBuildConfiguration;
			baseConfigurationReference = 235F26DFFC65594AA77EB493 /* Pods-clean-architecture-iosTests.debug.xcconfig */;
			buildSettings = {
				ALWAYS_EMBED_SWIFT_STANDARD_LIBRARIES = YES;
				BUNDLE_LOADER = "$(TEST_HOST)";
				CODE_SIGN_STYLE = Automatic;
				INFOPLIST_FILE = "clean-architecture-iosTests/Info.plist";
				LD_RUNPATH_SEARCH_PATHS = (
					"$(inherited)",
					"@executable_path/Frameworks",
					"@loader_path/Frameworks",
				);
				PRODUCT_BUNDLE_IDENTIFIER = "io.github.patrickyin.clean-architecture-iosTests";
				PRODUCT_NAME = "$(TARGET_NAME)";
				SWIFT_VERSION = 4.0;
				TARGETED_DEVICE_FAMILY = "1,2";
				TEST_HOST = "$(BUILT_PRODUCTS_DIR)/clean-architecture-ios.app/clean-architecture-ios";
			};
			name = Debug;
		};
		A43C1C122070A5A3008BB6C0 /* Release */ = {
			isa = XCBuildConfiguration;
			baseConfigurationReference = CED9E88751D44C6DA46201F0 /* Pods-clean-architecture-iosTests.release.xcconfig */;
			buildSettings = {
				ALWAYS_EMBED_SWIFT_STANDARD_LIBRARIES = YES;
				BUNDLE_LOADER = "$(TEST_HOST)";
				CODE_SIGN_STYLE = Automatic;
				INFOPLIST_FILE = "clean-architecture-iosTests/Info.plist";
				LD_RUNPATH_SEARCH_PATHS = (
					"$(inherited)",
					"@executable_path/Frameworks",
					"@loader_path/Frameworks",
				);
				PRODUCT_BUNDLE_IDENTIFIER = "io.github.patrickyin.clean-architecture-iosTests";
				PRODUCT_NAME = "$(TARGET_NAME)";
				SWIFT_VERSION = 4.0;
				TARGETED_DEVICE_FAMILY = "1,2";
				TEST_HOST = "$(BUILT_PRODUCTS_DIR)/clean-architecture-ios.app/clean-architecture-ios";
			};
			name = Release;
		};
		A43C1C142070A5A3008BB6C0 /* Debug */ = {
			isa = XCBuildConfiguration;
			buildSettings = {
				ALWAYS_EMBED_SWIFT_STANDARD_LIBRARIES = YES;
				CODE_SIGN_STYLE = Automatic;
				INFOPLIST_FILE = "clean-architecture-iosUITests/Info.plist";
				LD_RUNPATH_SEARCH_PATHS = (
					"$(inherited)",
					"@executable_path/Frameworks",
					"@loader_path/Frameworks",
				);
				PRODUCT_BUNDLE_IDENTIFIER = "io.github.patrickyin.clean-architecture-iosUITests";
				PRODUCT_NAME = "$(TARGET_NAME)";
				SWIFT_VERSION = 4.0;
				TARGETED_DEVICE_FAMILY = "1,2";
				TEST_TARGET_NAME = "clean-architecture-ios";
			};
			name = Debug;
		};
		A43C1C152070A5A3008BB6C0 /* Release */ = {
			isa = XCBuildConfiguration;
			buildSettings = {
				ALWAYS_EMBED_SWIFT_STANDARD_LIBRARIES = YES;
				CODE_SIGN_STYLE = Automatic;
				INFOPLIST_FILE = "clean-architecture-iosUITests/Info.plist";
				LD_RUNPATH_SEARCH_PATHS = (
					"$(inherited)",
					"@executable_path/Frameworks",
					"@loader_path/Frameworks",
				);
				PRODUCT_BUNDLE_IDENTIFIER = "io.github.patrickyin.clean-architecture-iosUITests";
				PRODUCT_NAME = "$(TARGET_NAME)";
				SWIFT_VERSION = 4.0;
				TARGETED_DEVICE_FAMILY = "1,2";
				TEST_TARGET_NAME = "clean-architecture-ios";
			};
			name = Release;
		};
		A46377BA2070F5E3001842C6 /* Debug */ = {
			isa = XCBuildConfiguration;
			buildSettings = {
				CODE_SIGN_IDENTITY = "";
				CODE_SIGN_STYLE = Automatic;
				CURRENT_PROJECT_VERSION = 1;
				DEFINES_MODULE = YES;
				DYLIB_COMPATIBILITY_VERSION = 1;
				DYLIB_CURRENT_VERSION = 1;
				DYLIB_INSTALL_NAME_BASE = "@rpath";
				INFOPLIST_FILE = domain/Info.plist;
				INSTALL_PATH = "$(LOCAL_LIBRARY_DIR)/Frameworks";
				LD_RUNPATH_SEARCH_PATHS = (
					"$(inherited)",
					"@executable_path/Frameworks",
					"@loader_path/Frameworks",
				);
				PRODUCT_BUNDLE_IDENTIFIER = io.github.patrickyin.domain;
				PRODUCT_NAME = "$(TARGET_NAME:c99extidentifier)";
				SKIP_INSTALL = YES;
				SWIFT_VERSION = 4.0;
				TARGETED_DEVICE_FAMILY = "1,2";
				VERSIONING_SYSTEM = "apple-generic";
				VERSION_INFO_PREFIX = "";
			};
			name = Debug;
		};
		A46377BB2070F5E3001842C6 /* Release */ = {
			isa = XCBuildConfiguration;
			buildSettings = {
				CODE_SIGN_IDENTITY = "";
				CODE_SIGN_STYLE = Automatic;
				CURRENT_PROJECT_VERSION = 1;
				DEFINES_MODULE = YES;
				DYLIB_COMPATIBILITY_VERSION = 1;
				DYLIB_CURRENT_VERSION = 1;
				DYLIB_INSTALL_NAME_BASE = "@rpath";
				INFOPLIST_FILE = domain/Info.plist;
				INSTALL_PATH = "$(LOCAL_LIBRARY_DIR)/Frameworks";
				LD_RUNPATH_SEARCH_PATHS = (
					"$(inherited)",
					"@executable_path/Frameworks",
					"@loader_path/Frameworks",
				);
				PRODUCT_BUNDLE_IDENTIFIER = io.github.patrickyin.domain;
				PRODUCT_NAME = "$(TARGET_NAME:c99extidentifier)";
				SKIP_INSTALL = YES;
				SWIFT_VERSION = 4.0;
				TARGETED_DEVICE_FAMILY = "1,2";
				VERSIONING_SYSTEM = "apple-generic";
				VERSION_INFO_PREFIX = "";
			};
			name = Release;
		};
		A46377BC2070F5E3001842C6 /* Debug */ = {
			isa = XCBuildConfiguration;
			buildSettings = {
				ALWAYS_EMBED_SWIFT_STANDARD_LIBRARIES = YES;
				CODE_SIGN_STYLE = Automatic;
				INFOPLIST_FILE = domainTests/Info.plist;
				LD_RUNPATH_SEARCH_PATHS = (
					"$(inherited)",
					"@executable_path/Frameworks",
					"@loader_path/Frameworks",
				);
				PRODUCT_BUNDLE_IDENTIFIER = io.github.patrickyin.domainTests;
				PRODUCT_NAME = "$(TARGET_NAME)";
				SWIFT_VERSION = 4.0;
				TARGETED_DEVICE_FAMILY = "1,2";
				TEST_HOST = "$(BUILT_PRODUCTS_DIR)/clean-architecture-ios.app/clean-architecture-ios";
			};
			name = Debug;
		};
		A46377BD2070F5E3001842C6 /* Release */ = {
			isa = XCBuildConfiguration;
			buildSettings = {
				ALWAYS_EMBED_SWIFT_STANDARD_LIBRARIES = YES;
				CODE_SIGN_STYLE = Automatic;
				INFOPLIST_FILE = domainTests/Info.plist;
				LD_RUNPATH_SEARCH_PATHS = (
					"$(inherited)",
					"@executable_path/Frameworks",
					"@loader_path/Frameworks",
				);
				PRODUCT_BUNDLE_IDENTIFIER = io.github.patrickyin.domainTests;
				PRODUCT_NAME = "$(TARGET_NAME)";
				SWIFT_VERSION = 4.0;
				TARGETED_DEVICE_FAMILY = "1,2";
				TEST_HOST = "$(BUILT_PRODUCTS_DIR)/clean-architecture-ios.app/clean-architecture-ios";
			};
			name = Release;
		};
		A46377DE2070F608001842C6 /* Debug */ = {
			isa = XCBuildConfiguration;
			buildSettings = {
				CODE_SIGN_IDENTITY = "";
				CODE_SIGN_STYLE = Automatic;
				CURRENT_PROJECT_VERSION = 1;
				DEFINES_MODULE = YES;
				DYLIB_COMPATIBILITY_VERSION = 1;
				DYLIB_CURRENT_VERSION = 1;
				DYLIB_INSTALL_NAME_BASE = "@rpath";
				INFOPLIST_FILE = data/Info.plist;
				INSTALL_PATH = "$(LOCAL_LIBRARY_DIR)/Frameworks";
				LD_RUNPATH_SEARCH_PATHS = (
					"$(inherited)",
					"@executable_path/Frameworks",
					"@loader_path/Frameworks",
				);
				PRODUCT_BUNDLE_IDENTIFIER = io.github.patrickyin.data;
				PRODUCT_NAME = "$(TARGET_NAME:c99extidentifier)";
				SKIP_INSTALL = YES;
				SWIFT_VERSION = 4.0;
				TARGETED_DEVICE_FAMILY = "1,2";
				VERSIONING_SYSTEM = "apple-generic";
				VERSION_INFO_PREFIX = "";
			};
			name = Debug;
		};
		A46377DF2070F608001842C6 /* Release */ = {
			isa = XCBuildConfiguration;
			buildSettings = {
				CODE_SIGN_IDENTITY = "";
				CODE_SIGN_STYLE = Automatic;
				CURRENT_PROJECT_VERSION = 1;
				DEFINES_MODULE = YES;
				DYLIB_COMPATIBILITY_VERSION = 1;
				DYLIB_CURRENT_VERSION = 1;
				DYLIB_INSTALL_NAME_BASE = "@rpath";
				INFOPLIST_FILE = data/Info.plist;
				INSTALL_PATH = "$(LOCAL_LIBRARY_DIR)/Frameworks";
				LD_RUNPATH_SEARCH_PATHS = (
					"$(inherited)",
					"@executable_path/Frameworks",
					"@loader_path/Frameworks",
				);
				PRODUCT_BUNDLE_IDENTIFIER = io.github.patrickyin.data;
				PRODUCT_NAME = "$(TARGET_NAME:c99extidentifier)";
				SKIP_INSTALL = YES;
				SWIFT_VERSION = 4.0;
				TARGETED_DEVICE_FAMILY = "1,2";
				VERSIONING_SYSTEM = "apple-generic";
				VERSION_INFO_PREFIX = "";
			};
			name = Release;
		};
		A46377E12070F608001842C6 /* Debug */ = {
			isa = XCBuildConfiguration;
			buildSettings = {
				ALWAYS_EMBED_SWIFT_STANDARD_LIBRARIES = YES;
				CODE_SIGN_STYLE = Automatic;
				INFOPLIST_FILE = dataTests/Info.plist;
				LD_RUNPATH_SEARCH_PATHS = (
					"$(inherited)",
					"@executable_path/Frameworks",
					"@loader_path/Frameworks",
				);
				PRODUCT_BUNDLE_IDENTIFIER = io.github.patrickyin.dataTests;
				PRODUCT_NAME = "$(TARGET_NAME)";
				SWIFT_VERSION = 4.0;
				TARGETED_DEVICE_FAMILY = "1,2";
				TEST_HOST = "$(BUILT_PRODUCTS_DIR)/clean-architecture-ios.app/clean-architecture-ios";
			};
			name = Debug;
		};
		A46377E22070F608001842C6 /* Release */ = {
			isa = XCBuildConfiguration;
			buildSettings = {
				ALWAYS_EMBED_SWIFT_STANDARD_LIBRARIES = YES;
				CODE_SIGN_STYLE = Automatic;
				INFOPLIST_FILE = dataTests/Info.plist;
				LD_RUNPATH_SEARCH_PATHS = (
					"$(inherited)",
					"@executable_path/Frameworks",
					"@loader_path/Frameworks",
				);
				PRODUCT_BUNDLE_IDENTIFIER = io.github.patrickyin.dataTests;
				PRODUCT_NAME = "$(TARGET_NAME)";
				SWIFT_VERSION = 4.0;
				TARGETED_DEVICE_FAMILY = "1,2";
				TEST_HOST = "$(BUILT_PRODUCTS_DIR)/clean-architecture-ios.app/clean-architecture-ios";
			};
			name = Release;
		};
/* End XCBuildConfiguration section */

/* Begin XCConfigurationList section */
		A43C1BE02070A5A1008BB6C0 /* Build configuration list for PBXProject "clean-architecture-ios" */ = {
			isa = XCConfigurationList;
			buildConfigurations = (
				A43C1C0B2070A5A3008BB6C0 /* Debug */,
				A43C1C0C2070A5A3008BB6C0 /* Release */,
			);
			defaultConfigurationIsVisible = 0;
			defaultConfigurationName = Release;
		};
		A43C1C0D2070A5A3008BB6C0 /* Build configuration list for PBXNativeTarget "clean-architecture-ios" */ = {
			isa = XCConfigurationList;
			buildConfigurations = (
				A43C1C0E2070A5A3008BB6C0 /* Debug */,
				A43C1C0F2070A5A3008BB6C0 /* Release */,
			);
			defaultConfigurationIsVisible = 0;
			defaultConfigurationName = Release;
		};
		A43C1C102070A5A3008BB6C0 /* Build configuration list for PBXNativeTarget "clean-architecture-iosTests" */ = {
			isa = XCConfigurationList;
			buildConfigurations = (
				A43C1C112070A5A3008BB6C0 /* Debug */,
				A43C1C122070A5A3008BB6C0 /* Release */,
			);
			defaultConfigurationIsVisible = 0;
			defaultConfigurationName = Release;
		};
		A43C1C132070A5A3008BB6C0 /* Build configuration list for PBXNativeTarget "clean-architecture-iosUITests" */ = {
			isa = XCConfigurationList;
			buildConfigurations = (
				A43C1C142070A5A3008BB6C0 /* Debug */,
				A43C1C152070A5A3008BB6C0 /* Release */,
			);
			defaultConfigurationIsVisible = 0;
			defaultConfigurationName = Release;
		};
		A46377BE2070F5E3001842C6 /* Build configuration list for PBXNativeTarget "domain" */ = {
			isa = XCConfigurationList;
			buildConfigurations = (
				A46377BA2070F5E3001842C6 /* Debug */,
				A46377BB2070F5E3001842C6 /* Release */,
			);
			defaultConfigurationIsVisible = 0;
			defaultConfigurationName = Release;
		};
		A46377C02070F5E3001842C6 /* Build configuration list for PBXNativeTarget "domainTests" */ = {
			isa = XCConfigurationList;
			buildConfigurations = (
				A46377BC2070F5E3001842C6 /* Debug */,
				A46377BD2070F5E3001842C6 /* Release */,
			);
			defaultConfigurationIsVisible = 0;
			defaultConfigurationName = Release;
		};
		A46377DD2070F608001842C6 /* Build configuration list for PBXNativeTarget "data" */ = {
			isa = XCConfigurationList;
			buildConfigurations = (
				A46377DE2070F608001842C6 /* Debug */,
				A46377DF2070F608001842C6 /* Release */,
			);
			defaultConfigurationIsVisible = 0;
			defaultConfigurationName = Release;
		};
		A46377E02070F608001842C6 /* Build configuration list for PBXNativeTarget "dataTests" */ = {
			isa = XCConfigurationList;
			buildConfigurations = (
				A46377E12070F608001842C6 /* Debug */,
				A46377E22070F608001842C6 /* Release */,
			);
			defaultConfigurationIsVisible = 0;
			defaultConfigurationName = Release;
		};
/* End XCConfigurationList section */
	};
	rootObject = A43C1BDD2070A5A1008BB6C0 /* Project object */;
}
